
Microsoft Visual Studio Solution File, Format Version 12.00
Project("{FAE04EC0-301F-11D3-BF4B-00C04F79EFBC}") = "Tutorial001", "Tutorial001\Tutorial001.csproj", "{1DAB4004-20A2-4E36-ABB3-51F56EEBAD34}"
EndProject
Project("{FAE04EC0-301F-11D3-BF4B-00C04F79EFBC}") = "Tutorial002", "Tutorial002\Tutorial002.csproj", "{811884D7-21CE-4F97-A7DB-E1DB3840E824}"
EndProject
Project("{FAE04EC0-301F-11D3-BF4B-00C04F79EFBC}") = "Tutorial003", "Tutorial003\Tutorial003.csproj", "{8178F800-5B26-4174-8C99-D2C901716434}"
EndProject
Project("{FAE04EC0-301F-11D3-BF4B-00C04F79EFBC}") = "Tutorial004", "Tutorial004\Tutorial004.csproj", "{0C9D21EA-7922-42E1-8372-F315A2857C6A}"
EndProject
Project("{FAE04EC0-301F-11D3-BF4B-00C04F79EFBC}") = "Tutorial005", "Tutorial005\Tutorial005.csproj", "{45EDCFAE-4A72-4BAA-9D9C-D72C7753763E}"
EndProject
Project("{FAE04EC0-301F-11D3-BF4B-00C04F79EFBC}") = "Tutorial006", "Tutorial006\Tutorial006.csproj", "{39634AA1-6540-4D37-9D18-DEFCD6542D76}"
EndProject
Project("{FAE04EC0-301F-11D3-BF4B-00C04F79EFBC}") = "Tutorial007", "Tutorial007\Tutorial007.csproj", "{1B479D68-21A6-47E0-BF97-C6F42BEE6E99}"
EndProject
Project("{FAE04EC0-301F-11D3-BF4B-00C04F79EFBC}") = "Tutorial008", "Tutorial008\Tutorial008.csproj", "{C6749D66-CAEE-4BEE-86C9-7079F86E66D6}"
EndProject
Project("{FAE04EC0-301F-11D3-BF4B-00C04F79EFBC}") = "Tutorial009", "Tutorial009\Tutorial009.csproj", "{E9667FD2-2123-4AFD-8435-B3D5BB97D079}"
EndProject
Project("{FAE04EC0-301F-11D3-BF4B-00C04F79EFBC}") = "Tutorial010", "Tutorial010\Tutorial010.csproj", "{024616FD-B90D-4F54-A699-725133EEF100}"
EndProject
Project("{FAE04EC0-301F-11D3-BF4B-00C04F79EFBC}") = "Tutorial011", "Tutorial011\Tutorial011.csproj", "{2DD90415-AAE6-4D0F-8E5B-9808E8D06435}"
EndProject
Project("{FAE04EC0-301F-11D3-BF4B-00C04F79EFBC}") = "Tutorial012", "Tutorial012\Tutorial012.csproj", "{CFA12E52-A97B-479A-918C-BD36AEA77182}"
EndProject
Project("{FAE04EC0-301F-11D3-BF4B-00C04F79EFBC}") = "Tutorial013", "Tutorial013\Tutorial013.csproj", "{CFBFE7C2-04C3-4864-8CBC-2365AE8AD0AA}"
EndProject
Project("{FAE04EC0-301F-11D3-BF4B-00C04F79EFBC}") = "Tutorial014", "Tutorial014\Tutorial014.csproj", "{411AFC5A-AF3F-4C2A-98DC-F3030ADCF98D}"
EndProject
Project("{FAE04EC0-301F-11D3-BF4B-00C04F79EFBC}") = "Tutorial015", "Tutorial015\Tutorial015.csproj", "{EDA00AF7-4502-4B69-89A6-39F87DB6F6B0}"
EndProject
Project("{FAE04EC0-301F-11D3-BF4B-00C04F79EFBC}") = "Tutorial016", "Tutorial016\Tutorial016.csproj", "{9F4D0B71-5B6E-495E-995A-6188EA8D3B16}"
EndProject
Project("{FAE04EC0-301F-11D3-BF4B-00C04F79EFBC}") = "Tutorial017", "Tutorial017\Tutorial017.csproj", "{DCB34946-C01B-4FF6-A8F0-B8872F451D06}"
EndProject
Project("{FAE04EC0-301F-11D3-BF4B-00C04F79EFBC}") = "Tutorial018", "Tutorial018\Tutorial018.csproj", "{11091D7E-17DA-4887-83E4-DE257D5524E1}"
EndProject
Project("{FAE04EC0-301F-11D3-BF4B-00C04F79EFBC}") = "Tutorial019", "Tutorial019\Tutorial019.csproj", "{F297054A-400F-4656-B951-CBC55E11B55B}"
EndProject
Project("{FAE04EC0-301F-11D3-BF4B-00C04F79EFBC}") = "Tutorial020", "Tutorial020\Tutorial020.csproj", "{32FC830D-7EF6-4D6F-98FD-23AE1C522AAF}"
EndProject
Project("{FAE04EC0-301F-11D3-BF4B-00C04F79EFBC}") = "Tutorial021", "Tutorial021\Tutorial021.csproj", "{BC18EE35-A056-4450-9C79-0CCC2B040A75}"
EndProject
Project("{FAE04EC0-301F-11D3-BF4B-00C04F79EFBC}") = "Tutorial022", "Tutorial022\Tutorial022.csproj", "{4D357A7A-EE35-4C82-905E-1374BE7612C1}"
EndProject
Project("{FAE04EC0-301F-11D3-BF4B-00C04F79EFBC}") = "Tutorial023", "Tutorial023\Tutorial023.csproj", "{E48A1EA8-570B-4085-9513-5884F2907469}"
EndProject
Project("{FAE04EC0-301F-11D3-BF4B-00C04F79EFBC}") = "Tutorial024", "Tutorial024\Tutorial024.csproj", "{07C19E85-FA15-4EAF-8D98-C397CAFE60D3}"
EndProject
Project("{FAE04EC0-301F-11D3-BF4B-00C04F79EFBC}") = "Tutorial025", "Tutorial025\Tutorial025.csproj", "{85535CF0-E515-48C7-9314-8B417060C46A}"
EndProject
Project("{FAE04EC0-301F-11D3-BF4B-00C04F79EFBC}") = "Tutorial026", "Tutorial026\Tutorial026.csproj", "{08FDC394-36E1-4E2C-8672-9B840B859CD4}"
EndProject
Project("{FAE04EC0-301F-11D3-BF4B-00C04F79EFBC}") = "Tutorial029", "Tutorial029\Tutorial029.csproj", "{37D3D8F5-C376-465F-9294-A1070726F3CF}"
EndProject
Project("{FAE04EC0-301F-11D3-BF4B-00C04F79EFBC}") = "Tutorial030", "Tutorial030\Tutorial030.csproj", "{97774740-3EC2-447B-AE78-70E655CCA128}"
EndProject
Global
	GlobalSection(SolutionConfigurationPlatforms) = preSolution
		Debug|Any CPU = Debug|Any CPU
		Release|Any CPU = Release|Any CPU
	EndGlobalSection
	GlobalSection(ProjectConfigurationPlatforms) = postSolution
		{1DAB4004-20A2-4E36-ABB3-51F56EEBAD34}.Debug|Any CPU.ActiveCfg = Debug|Any CPU
		{1DAB4004-20A2-4E36-ABB3-51F56EEBAD34}.Debug|Any CPU.Build.0 = Debug|Any CPU
		{1DAB4004-20A2-4E36-ABB3-51F56EEBAD34}.Release|Any CPU.ActiveCfg = Release|Any CPU
		{1DAB4004-20A2-4E36-ABB3-51F56EEBAD34}.Release|Any CPU.Build.0 = Release|Any CPU
		{811884D7-21CE-4F97-A7DB-E1DB3840E824}.Debug|Any CPU.ActiveCfg = Debug|Any CPU
		{811884D7-21CE-4F97-A7DB-E1DB3840E824}.Debug|Any CPU.Build.0 = Debug|Any CPU
		{811884D7-21CE-4F97-A7DB-E1DB3840E824}.Release|Any CPU.ActiveCfg = Release|Any CPU
		{811884D7-21CE-4F97-A7DB-E1DB3840E824}.Release|Any CPU.Build.0 = Release|Any CPU
		{8178F800-5B26-4174-8C99-D2C901716434}.Debug|Any CPU.ActiveCfg = Debug|Any CPU
		{8178F800-5B26-4174-8C99-D2C901716434}.Debug|Any CPU.Build.0 = Debug|Any CPU
		{8178F800-5B26-4174-8C99-D2C901716434}.Release|Any CPU.ActiveCfg = Release|Any CPU
		{8178F800-5B26-4174-8C99-D2C901716434}.Release|Any CPU.Build.0 = Release|Any CPU
		{0C9D21EA-7922-42E1-8372-F315A2857C6A}.Debug|Any CPU.ActiveCfg = Debug|Any CPU
		{0C9D21EA-7922-42E1-8372-F315A2857C6A}.Debug|Any CPU.Build.0 = Debug|Any CPU
		{0C9D21EA-7922-42E1-8372-F315A2857C6A}.Release|Any CPU.ActiveCfg = Release|Any CPU
		{0C9D21EA-7922-42E1-8372-F315A2857C6A}.Release|Any CPU.Build.0 = Release|Any CPU
		{45EDCFAE-4A72-4BAA-9D9C-D72C7753763E}.Debug|Any CPU.ActiveCfg = Debug|Any CPU
		{45EDCFAE-4A72-4BAA-9D9C-D72C7753763E}.Debug|Any CPU.Build.0 = Debug|Any CPU
		{45EDCFAE-4A72-4BAA-9D9C-D72C7753763E}.Release|Any CPU.ActiveCfg = Release|Any CPU
		{45EDCFAE-4A72-4BAA-9D9C-D72C7753763E}.Release|Any CPU.Build.0 = Release|Any CPU
		{39634AA1-6540-4D37-9D18-DEFCD6542D76}.Debug|Any CPU.ActiveCfg = Debug|Any CPU
		{39634AA1-6540-4D37-9D18-DEFCD6542D76}.Debug|Any CPU.Build.0 = Debug|Any CPU
		{39634AA1-6540-4D37-9D18-DEFCD6542D76}.Release|Any CPU.ActiveCfg = Release|Any CPU
		{39634AA1-6540-4D37-9D18-DEFCD6542D76}.Release|Any CPU.Build.0 = Release|Any CPU
		{1B479D68-21A6-47E0-BF97-C6F42BEE6E99}.Debug|Any CPU.ActiveCfg = Debug|Any CPU
		{1B479D68-21A6-47E0-BF97-C6F42BEE6E99}.Debug|Any CPU.Build.0 = Debug|Any CPU
		{1B479D68-21A6-47E0-BF97-C6F42BEE6E99}.Release|Any CPU.ActiveCfg = Release|Any CPU
		{1B479D68-21A6-47E0-BF97-C6F42BEE6E99}.Release|Any CPU.Build.0 = Release|Any CPU
		{C6749D66-CAEE-4BEE-86C9-7079F86E66D6}.Debug|Any CPU.ActiveCfg = Debug|Any CPU
		{C6749D66-CAEE-4BEE-86C9-7079F86E66D6}.Debug|Any CPU.Build.0 = Debug|Any CPU
		{C6749D66-CAEE-4BEE-86C9-7079F86E66D6}.Release|Any CPU.ActiveCfg = Release|Any CPU
		{C6749D66-CAEE-4BEE-86C9-7079F86E66D6}.Release|Any CPU.Build.0 = Release|Any CPU
		{E9667FD2-2123-4AFD-8435-B3D5BB97D079}.Debug|Any CPU.ActiveCfg = Debug|Any CPU
		{E9667FD2-2123-4AFD-8435-B3D5BB97D079}.Debug|Any CPU.Build.0 = Debug|Any CPU
		{E9667FD2-2123-4AFD-8435-B3D5BB97D079}.Release|Any CPU.ActiveCfg = Release|Any CPU
		{E9667FD2-2123-4AFD-8435-B3D5BB97D079}.Release|Any CPU.Build.0 = Release|Any CPU
		{024616FD-B90D-4F54-A699-725133EEF100}.Debug|Any CPU.ActiveCfg = Debug|Any CPU
		{024616FD-B90D-4F54-A699-725133EEF100}.Debug|Any CPU.Build.0 = Debug|Any CPU
		{024616FD-B90D-4F54-A699-725133EEF100}.Release|Any CPU.ActiveCfg = Release|Any CPU
		{024616FD-B90D-4F54-A699-725133EEF100}.Release|Any CPU.Build.0 = Release|Any CPU
		{2DD90415-AAE6-4D0F-8E5B-9808E8D06435}.Debug|Any CPU.ActiveCfg = Debug|Any CPU
		{2DD90415-AAE6-4D0F-8E5B-9808E8D06435}.Debug|Any CPU.Build.0 = Debug|Any CPU
		{2DD90415-AAE6-4D0F-8E5B-9808E8D06435}.Release|Any CPU.ActiveCfg = Release|Any CPU
		{2DD90415-AAE6-4D0F-8E5B-9808E8D06435}.Release|Any CPU.Build.0 = Release|Any CPU
		{CFA12E52-A97B-479A-918C-BD36AEA77182}.Debug|Any CPU.ActiveCfg = Debug|Any CPU
		{CFA12E52-A97B-479A-918C-BD36AEA77182}.Debug|Any CPU.Build.0 = Debug|Any CPU
		{CFA12E52-A97B-479A-918C-BD36AEA77182}.Release|Any CPU.ActiveCfg = Release|Any CPU
		{CFA12E52-A97B-479A-918C-BD36AEA77182}.Release|Any CPU.Build.0 = Release|Any CPU
		{CFBFE7C2-04C3-4864-8CBC-2365AE8AD0AA}.Debug|Any CPU.ActiveCfg = Debug|Any CPU
		{CFBFE7C2-04C3-4864-8CBC-2365AE8AD0AA}.Debug|Any CPU.Build.0 = Debug|Any CPU
		{CFBFE7C2-04C3-4864-8CBC-2365AE8AD0AA}.Release|Any CPU.ActiveCfg = Release|Any CPU
		{CFBFE7C2-04C3-4864-8CBC-2365AE8AD0AA}.Release|Any CPU.Build.0 = Release|Any CPU
		{411AFC5A-AF3F-4C2A-98DC-F3030ADCF98D}.Debug|Any CPU.ActiveCfg = Debug|Any CPU
		{411AFC5A-AF3F-4C2A-98DC-F3030ADCF98D}.Debug|Any CPU.Build.0 = Debug|Any CPU
		{411AFC5A-AF3F-4C2A-98DC-F3030ADCF98D}.Release|Any CPU.ActiveCfg = Release|Any CPU
		{411AFC5A-AF3F-4C2A-98DC-F3030ADCF98D}.Release|Any CPU.Build.0 = Release|Any CPU
		{EDA00AF7-4502-4B69-89A6-39F87DB6F6B0}.Debug|Any CPU.ActiveCfg = Debug|Any CPU
		{EDA00AF7-4502-4B69-89A6-39F87DB6F6B0}.Debug|Any CPU.Build.0 = Debug|Any CPU
		{EDA00AF7-4502-4B69-89A6-39F87DB6F6B0}.Release|Any CPU.ActiveCfg = Release|Any CPU
		{EDA00AF7-4502-4B69-89A6-39F87DB6F6B0}.Release|Any CPU.Build.0 = Release|Any CPU
		{9F4D0B71-5B6E-495E-995A-6188EA8D3B16}.Debug|Any CPU.ActiveCfg = Debug|Any CPU
		{9F4D0B71-5B6E-495E-995A-6188EA8D3B16}.Debug|Any CPU.Build.0 = Debug|Any CPU
		{9F4D0B71-5B6E-495E-995A-6188EA8D3B16}.Release|Any CPU.ActiveCfg = Release|Any CPU
		{9F4D0B71-5B6E-495E-995A-6188EA8D3B16}.Release|Any CPU.Build.0 = Release|Any CPU
		{DCB34946-C01B-4FF6-A8F0-B8872F451D06}.Debug|Any CPU.ActiveCfg = Debug|Any CPU
		{DCB34946-C01B-4FF6-A8F0-B8872F451D06}.Debug|Any CPU.Build.0 = Debug|Any CPU
		{DCB34946-C01B-4FF6-A8F0-B8872F451D06}.Release|Any CPU.ActiveCfg = Release|Any CPU
		{DCB34946-C01B-4FF6-A8F0-B8872F451D06}.Release|Any CPU.Build.0 = Release|Any CPU
		{11091D7E-17DA-4887-83E4-DE257D5524E1}.Debug|Any CPU.ActiveCfg = Debug|Any CPU
		{11091D7E-17DA-4887-83E4-DE257D5524E1}.Debug|Any CPU.Build.0 = Debug|Any CPU
		{11091D7E-17DA-4887-83E4-DE257D5524E1}.Release|Any CPU.ActiveCfg = Release|Any CPU
		{11091D7E-17DA-4887-83E4-DE257D5524E1}.Release|Any CPU.Build.0 = Release|Any CPU
		{F297054A-400F-4656-B951-CBC55E11B55B}.Debug|Any CPU.ActiveCfg = Debug|Any CPU
		{F297054A-400F-4656-B951-CBC55E11B55B}.Debug|Any CPU.Build.0 = Debug|Any CPU
		{F297054A-400F-4656-B951-CBC55E11B55B}.Release|Any CPU.ActiveCfg = Release|Any CPU
		{F297054A-400F-4656-B951-CBC55E11B55B}.Release|Any CPU.Build.0 = Release|Any CPU
		{32FC830D-7EF6-4D6F-98FD-23AE1C522AAF}.Debug|Any CPU.ActiveCfg = Debug|Any CPU
		{32FC830D-7EF6-4D6F-98FD-23AE1C522AAF}.Debug|Any CPU.Build.0 = Debug|Any CPU
		{32FC830D-7EF6-4D6F-98FD-23AE1C522AAF}.Release|Any CPU.ActiveCfg = Release|Any CPU
		{32FC830D-7EF6-4D6F-98FD-23AE1C522AAF}.Release|Any CPU.Build.0 = Release|Any CPU
		{BC18EE35-A056-4450-9C79-0CCC2B040A75}.Debug|Any CPU.ActiveCfg = Debug|Any CPU
		{BC18EE35-A056-4450-9C79-0CCC2B040A75}.Debug|Any CPU.Build.0 = Debug|Any CPU
		{BC18EE35-A056-4450-9C79-0CCC2B040A75}.Release|Any CPU.ActiveCfg = Release|Any CPU
		{BC18EE35-A056-4450-9C79-0CCC2B040A75}.Release|Any CPU.Build.0 = Release|Any CPU
		{4D357A7A-EE35-4C82-905E-1374BE7612C1}.Debug|Any CPU.ActiveCfg = Debug|Any CPU
		{4D357A7A-EE35-4C82-905E-1374BE7612C1}.Debug|Any CPU.Build.0 = Debug|Any CPU
		{4D357A7A-EE35-4C82-905E-1374BE7612C1}.Release|Any CPU.ActiveCfg = Release|Any CPU
		{4D357A7A-EE35-4C82-905E-1374BE7612C1}.Release|Any CPU.Build.0 = Release|Any CPU
		{E48A1EA8-570B-4085-9513-5884F2907469}.Debug|Any CPU.ActiveCfg = Debug|Any CPU
		{E48A1EA8-570B-4085-9513-5884F2907469}.Debug|Any CPU.Build.0 = Debug|Any CPU
		{E48A1EA8-570B-4085-9513-5884F2907469}.Release|Any CPU.ActiveCfg = Release|Any CPU
		{E48A1EA8-570B-4085-9513-5884F2907469}.Release|Any CPU.Build.0 = Release|Any CPU
		{07C19E85-FA15-4EAF-8D98-C397CAFE60D3}.Debug|Any CPU.ActiveCfg = Debug|Any CPU
		{07C19E85-FA15-4EAF-8D98-C397CAFE60D3}.Debug|Any CPU.Build.0 = Debug|Any CPU
		{07C19E85-FA15-4EAF-8D98-C397CAFE60D3}.Release|Any CPU.ActiveCfg = Release|Any CPU
		{07C19E85-FA15-4EAF-8D98-C397CAFE60D3}.Release|Any CPU.Build.0 = Release|Any CPU
		{85535CF0-E515-48C7-9314-8B417060C46A}.Debug|Any CPU.ActiveCfg = Debug|Any CPU
		{85535CF0-E515-48C7-9314-8B417060C46A}.Debug|Any CPU.Build.0 = Debug|Any CPU
		{85535CF0-E515-48C7-9314-8B417060C46A}.Release|Any CPU.ActiveCfg = Release|Any CPU
		{85535CF0-E515-48C7-9314-8B417060C46A}.Release|Any CPU.Build.0 = Release|Any CPU
		{08FDC394-36E1-4E2C-8672-9B840B859CD4}.Debug|Any CPU.ActiveCfg = Debug|Any CPU
		{08FDC394-36E1-4E2C-8672-9B840B859CD4}.Debug|Any CPU.Build.0 = Debug|Any CPU
		{08FDC394-36E1-4E2C-8672-9B840B859CD4}.Release|Any CPU.ActiveCfg = Release|Any CPU
		{08FDC394-36E1-4E2C-8672-9B840B859CD4}.Release|Any CPU.Build.0 = Release|Any CPU
		{37D3D8F5-C376-465F-9294-A1070726F3CF}.Debug|Any CPU.ActiveCfg = Debug|Any CPU
		{37D3D8F5-C376-465F-9294-A1070726F3CF}.Debug|Any CPU.Build.0 = Debug|Any CPU
		{37D3D8F5-C376-465F-9294-A1070726F3CF}.Release|Any CPU.ActiveCfg = Release|Any CPU
		{37D3D8F5-C376-465F-9294-A1070726F3CF}.Release|Any CPU.Build.0 = Release|Any CPU
		{97774740-3EC2-447B-AE78-70E655CCA128}.Debug|Any CPU.ActiveCfg = Debug|Any CPU
		{97774740-3EC2-447B-AE78-70E655CCA128}.Debug|Any CPU.Build.0 = Debug|Any CPU
		{97774740-3EC2-447B-AE78-70E655CCA128}.Release|Any CPU.ActiveCfg = Release|Any CPU
		{97774740-3EC2-447B-AE78-70E655CCA128}.Release|Any CPU.Build.0 = Release|Any CPU
	EndGlobalSection
EndGlobal
